
Microsoft Visual Studio Solution File, Format Version 12.00
# Visual Studio 2012
Project("{FAE04EC0-301F-11D3-BF4B-00C04F79EFBC}") = "Contact_API", "Contact_API\Contact_API.csproj", "{5EF07B36-2C6F-4A5B-9057-C1EA4814390A}"
EndProject
Global
	GlobalSection(SolutionConfigurationPlatforms) = preSolution
		Debug|Any CPU = Debug|Any CPU
		Release|Any CPU = Release|Any CPU
	EndGlobalSection
	GlobalSection(ProjectConfigurationPlatforms) = postSolution
		{5EF07B36-2C6F-4A5B-9057-C1EA4814390A}.Debug|Any CPU.ActiveCfg = Debug|Any CPU
		{5EF07B36-2C6F-4A5B-9057-C1EA4814390A}.Debug|Any CPU.Build.0 = Debug|Any CPU
		{5EF07B36-2C6F-4A5B-9057-C1EA4814390A}.Release|Any CPU.ActiveCfg = Release|Any CPU
		{5EF07B36-2C6F-4A5B-9057-C1EA4814390A}.Release|Any CPU.Build.0 = Release|Any CPU
	EndGlobalSection
	GlobalSection(SolutionProperties) = preSolution
		HideSolutionNode = FALSE
	EndGlobalSection
EndGlobal
